// !$*UTF8*$!
{
	archiveVersion = 1;
	classes = {
	};
	objectVersion = 56;
	objects = {

/* Begin PBXBuildFile section */
		3BFD49172A4421390067A762 /* GridApp.swift in Sources */ = {isa = PBXBuildFile; fileRef = 3BFD49162A4421390067A762 /* GridApp.swift */; };
		3BFD49192A4421390067A762 /* ContentView.swift in Sources */ = {isa = PBXBuildFile; fileRef = 3BFD49182A4421390067A762 /* ContentView.swift */; };
		3BFD491B2A44213A0067A762 /* Assets.xcassets in Resources */ = {isa = PBXBuildFile; fileRef = 3BFD491A2A44213A0067A762 /* Assets.xcassets */; };
		3BFD491F2A44213A0067A762 /* Preview Assets.xcassets in Resources */ = {isa = PBXBuildFile; fileRef = 3BFD491E2A44213A0067A762 /* Preview Assets.xcassets */; };
		3BFD49292A44213A0067A762 /* GridTests.swift in Sources */ = {isa = PBXBuildFile; fileRef = 3BFD49282A44213A0067A762 /* GridTests.swift */; };
		3BFD49332A44213A0067A762 /* GridUITests.swift in Sources */ = {isa = PBXBuildFile; fileRef = 3BFD49322A44213A0067A762 /* GridUITests.swift */; };
		3BFD49352A44213A0067A762 /* GridUITestsLaunchTests.swift in Sources */ = {isa = PBXBuildFile; fileRef = 3BFD49342A44213A0067A762 /* GridUITestsLaunchTests.swift */; };
/* End PBXBuildFile section */

/* Begin PBXContainerItemProxy section */
		3BFD49252A44213A0067A762 /* PBXContainerItemProxy */ = {
			isa = PBXContainerItemProxy;
			containerPortal = 3BFD490B2A4421390067A762 /* Project object */;
			proxyType = 1;
			remoteGlobalIDString = 3BFD49122A4421390067A762;
			remoteInfo = Grid;
		};
		3BFD492F2A44213A0067A762 /* PBXContainerItemProxy */ = {
			isa = PBXContainerItemProxy;
			containerPortal = 3BFD490B2A4421390067A762 /* Project object */;
			proxyType = 1;
			remoteGlobalIDString = 3BFD49122A4421390067A762;
			remoteInfo = Grid;
		};
/* End PBXContainerItemProxy section */

/* Begin PBXFileReference section */
		3BFD49132A4421390067A762 /* Grid.app */ = {isa = PBXFileReference; explicitFileType = wrapper.application; includeInIndex = 0; path = Grid.app; sourceTree = BUILT_PRODUCTS_DIR; };
		3BFD49162A4421390067A762 /* GridApp.swift */ = {isa = PBXFileReference; lastKnownFileType = sourcecode.swift; path = GridApp.swift; sourceTree = "<group>"; };
		3BFD49182A4421390067A762 /* ContentView.swift */ = {isa = PBXFileReference; lastKnownFileType = sourcecode.swift; path = ContentView.swift; sourceTree = "<group>"; };
		3BFD491A2A44213A0067A762 /* Assets.xcassets */ = {isa = PBXFileReference; lastKnownFileType = folder.assetcatalog; path = Assets.xcassets; sourceTree = "<group>"; };
		3BFD491C2A44213A0067A762 /* Grid.entitlements */ = {isa = PBXFileReference; lastKnownFileType = text.plist.entitlements; path = Grid.entitlements; sourceTree = "<group>"; };
		3BFD491E2A44213A0067A762 /* Preview Assets.xcassets */ = {isa = PBXFileReference; lastKnownFileType = folder.assetcatalog; path = "Preview Assets.xcassets"; sourceTree = "<group>"; };
		3BFD49242A44213A0067A762 /* GridTests.xctest */ = {isa = PBXFileReference; explicitFileType = wrapper.cfbundle; includeInIndex = 0; path = GridTests.xctest; sourceTree = BUILT_PRODUCTS_DIR; };
		3BFD49282A44213A0067A762 /* GridTests.swift */ = {isa = PBXFileReference; lastKnownFileType = sourcecode.swift; path = GridTests.swift; sourceTree = "<group>"; };
		3BFD492E2A44213A0067A762 /* GridUITests.xctest */ = {isa = PBXFileReference; explicitFileType = wrapper.cfbundle; includeInIndex = 0; path = GridUITests.xctest; sourceTree = BUILT_PRODUCTS_DIR; };
		3BFD49322A44213A0067A762 /* GridUITests.swift */ = {isa = PBXFileReference; lastKnownFileType = sourcecode.swift; path = GridUITests.swift; sourceTree = "<group>"; };
		3BFD49342A44213A0067A762 /* GridUITestsLaunchTests.swift */ = {isa = PBXFileReference; lastKnownFileType = sourcecode.swift; path = GridUITestsLaunchTests.swift; sourceTree = "<group>"; };
/* End PBXFileReference section */

/* Begin PBXFrameworksBuildPhase section */
		3BFD49102A4421390067A762 /* Frameworks */ = {
			isa = PBXFrameworksBuildPhase;
			buildActionMask = 2147483647;
			files = (
			);
			runOnlyForDeploymentPostprocessing = 0;
		};
		3BFD49212A44213A0067A762 /* Frameworks */ = {
			isa = PBXFrameworksBuildPhase;
			buildActionMask = 2147483647;
			files = (
			);
			runOnlyForDeploymentPostprocessing = 0;
		};
		3BFD492B2A44213A0067A762 /* Frameworks */ = {
			isa = PBXFrameworksBuildPhase;
			buildActionMask = 2147483647;
			files = (
			);
			runOnlyForDeploymentPostprocessing = 0;
		};
/* End PBXFrameworksBuildPhase section */

/* Begin PBXGroup section */
		3BFD490A2A4421390067A762 = {
			isa = PBXGroup;
			children = (
				3BFD49152A4421390067A762 /* Grid */,
				3BFD49272A44213A0067A762 /* GridTests */,
				3BFD49312A44213A0067A762 /* GridUITests */,
				3BFD49142A4421390067A762 /* Products */,
			);
			sourceTree = "<group>";
		};
		3BFD49142A4421390067A762 /* Products */ = {
			isa = PBXGroup;
			children = (
				3BFD49132A4421390067A762 /* Grid.app */,
				3BFD49242A44213A0067A762 /* GridTests.xctest */,
				3BFD492E2A44213A0067A762 /* GridUITests.xctest */,
			);
			name = Products;
			sourceTree = "<group>";
		};
		3BFD49152A4421390067A762 /* Grid */ = {
			isa = PBXGroup;
			children = (
				3BFD49162A4421390067A762 /* GridApp.swift */,
				3BFD49182A4421390067A762 /* ContentView.swift */,
				3BFD491A2A44213A0067A762 /* Assets.xcassets */,
				3BFD491C2A44213A0067A762 /* Grid.entitlements */,
				3BFD491D2A44213A0067A762 /* Preview Content */,
			);
			path = Grid;
			sourceTree = "<group>";
		};
		3BFD491D2A44213A0067A762 /* Preview Content */ = {
			isa = PBXGroup;
			children = (
				3BFD491E2A44213A0067A762 /* Preview Assets.xcassets */,
			);
			path = "Preview Content";
			sourceTree = "<group>";
		};
		3BFD49272A44213A0067A762 /* GridTests */ = {
			isa = PBXGroup;
			children = (
				3BFD49282A44213A0067A762 /* GridTests.swift */,
			);
			path = GridTests;
			sourceTree = "<group>";
		};
		3BFD49312A44213A0067A762 /* GridUITests */ = {
			isa = PBXGroup;
			children = (
				3BFD49322A44213A0067A762 /* GridUITests.swift */,
				3BFD49342A44213A0067A762 /* GridUITestsLaunchTests.swift */,
			);
			path = GridUITests;
			sourceTree = "<group>";
		};
/* End PBXGroup section */

/* Begin PBXNativeTarget section */
		3BFD49122A4421390067A762 /* Grid */ = {
			isa = PBXNativeTarget;
			buildConfigurationList = 3BFD49382A44213A0067A762 /* Build configuration list for PBXNativeTarget "Grid" */;
			buildPhases = (
				3BFD490F2A4421390067A762 /* Sources */,
				3BFD49102A4421390067A762 /* Frameworks */,
				3BFD49112A4421390067A762 /* Resources */,
			);
			buildRules = (
			);
			dependencies = (
			);
			name = Grid;
			productName = Grid;
			productReference = 3BFD49132A4421390067A762 /* Grid.app */;
			productType = "com.apple.product-type.application";
		};
		3BFD49232A44213A0067A762 /* GridTests */ = {
			isa = PBXNativeTarget;
			buildConfigurationList = 3BFD493B2A44213A0067A762 /* Build configuration list for PBXNativeTarget "GridTests" */;
			buildPhases = (
				3BFD49202A44213A0067A762 /* Sources */,
				3BFD49212A44213A0067A762 /* Frameworks */,
				3BFD49222A44213A0067A762 /* Resources */,
			);
			buildRules = (
			);
			dependencies = (
				3BFD49262A44213A0067A762 /* PBXTargetDependency */,
			);
			name = GridTests;
			productName = GridTests;
			productReference = 3BFD49242A44213A0067A762 /* GridTests.xctest */;
			productType = "com.apple.product-type.bundle.unit-test";
		};
		3BFD492D2A44213A0067A762 /* GridUITests */ = {
			isa = PBXNativeTarget;
			buildConfigurationList = 3BFD493E2A44213A0067A762 /* Build configuration list for PBXNativeTarget "GridUITests" */;
			buildPhases = (
				3BFD492A2A44213A0067A762 /* Sources */,
				3BFD492B2A44213A0067A762 /* Frameworks */,
				3BFD492C2A44213A0067A762 /* Resources */,
			);
			buildRules = (
			);
			dependencies = (
				3BFD49302A44213A0067A762 /* PBXTargetDependency */,
			);
			name = GridUITests;
			productName = GridUITests;
			productReference = 3BFD492E2A44213A0067A762 /* GridUITests.xctest */;
			productType = "com.apple.product-type.bundle.ui-testing";
		};
/* End PBXNativeTarget section */

/* Begin PBXProject section */
		3BFD490B2A4421390067A762 /* Project object */ = {
			isa = PBXProject;
			attributes = {
				BuildIndependentTargetsInParallel = 1;
				LastSwiftUpdateCheck = 1430;
				LastUpgradeCheck = 1430;
				ORGANIZATIONNAME = dev.danydodson;
				TargetAttributes = {
					3BFD49122A4421390067A762 = {
						CreatedOnToolsVersion = 14.3.1;
					};
					3BFD49232A44213A0067A762 = {
						CreatedOnToolsVersion = 14.3.1;
						TestTargetID = 3BFD49122A4421390067A762;
					};
					3BFD492D2A44213A0067A762 = {
						CreatedOnToolsVersion = 14.3.1;
						TestTargetID = 3BFD49122A4421390067A762;
					};
				};
			};
			buildConfigurationList = 3BFD490E2A4421390067A762 /* Build configuration list for PBXProject "Grid" */;
			compatibilityVersion = "Xcode 14.0";
			developmentRegion = en;
			hasScannedForEncodings = 0;
			knownRegions = (
				en,
				Base,
			);
			mainGroup = 3BFD490A2A4421390067A762;
			productRefGroup = 3BFD49142A4421390067A762 /* Products */;
			projectDirPath = "";
			projectRoot = "";
			targets = (
				3BFD49122A4421390067A762 /* Grid */,
				3BFD49232A44213A0067A762 /* GridTests */,
				3BFD492D2A44213A0067A762 /* GridUITests */,
			);
		};
/* End PBXProject section */

/* Begin PBXResourcesBuildPhase section */
		3BFD49112A4421390067A762 /* Resources */ = {
			isa = PBXResourcesBuildPhase;
			buildActionMask = 2147483647;
			files = (
				3BFD491F2A44213A0067A762 /* Preview Assets.xcassets in Resources */,
				3BFD491B2A44213A0067A762 /* Assets.xcassets in Resources */,
			);
			runOnlyForDeploymentPostprocessing = 0;
		};
		3BFD49222A44213A0067A762 /* Resources */ = {
			isa = PBXResourcesBuildPhase;
			buildActionMask = 2147483647;
			files = (
			);
			runOnlyForDeploymentPostprocessing = 0;
		};
		3BFD492C2A44213A0067A762 /* Resources */ = {
			isa = PBXResourcesBuildPhase;
			buildActionMask = 2147483647;
			files = (
			);
			runOnlyForDeploymentPostprocessing = 0;
		};
/* End PBXResourcesBuildPhase section */

/* Begin PBXSourcesBuildPhase section */
		3BFD490F2A4421390067A762 /* Sources */ = {
			isa = PBXSourcesBuildPhase;
			buildActionMask = 2147483647;
			files = (
				3BFD49192A4421390067A762 /* ContentView.swift in Sources */,
				3BFD49172A4421390067A762 /* GridApp.swift in Sources */,
			);
			runOnlyForDeploymentPostprocessing = 0;
		};
		3BFD49202A44213A0067A762 /* Sources */ = {
			isa = PBXSourcesBuildPhase;
			buildActionMask = 2147483647;
			files = (
				3BFD49292A44213A0067A762 /* GridTests.swift in Sources */,
			);
			runOnlyForDeploymentPostprocessing = 0;
		};
		3BFD492A2A44213A0067A762 /* Sources */ = {
			isa = PBXSourcesBuildPhase;
			buildActionMask = 2147483647;
			files = (
				3BFD49352A44213A0067A762 /* GridUITestsLaunchTests.swift in Sources */,
				3BFD49332A44213A0067A762 /* GridUITests.swift in Sources */,
			);
			runOnlyForDeploymentPostprocessing = 0;
		};
/* End PBXSourcesBuildPhase section */

/* Begin PBXTargetDependency section */
		3BFD49262A44213A0067A762 /* PBXTargetDependency */ = {
			isa = PBXTargetDependency;
			target = 3BFD49122A4421390067A762 /* Grid */;
			targetProxy = 3BFD49252A44213A0067A762 /* PBXContainerItemProxy */;
		};
		3BFD49302A44213A0067A762 /* PBXTargetDependency */ = {
			isa = PBXTargetDependency;
			target = 3BFD49122A4421390067A762 /* Grid */;
			targetProxy = 3BFD492F2A44213A0067A762 /* PBXContainerItemProxy */;
		};
/* End PBXTargetDependency section */

/* Begin XCBuildConfiguration section */
		3BFD49362A44213A0067A762 /* Debug */ = {
			isa = XCBuildConfiguration;
			buildSettings = {
				ALWAYS_SEARCH_USER_PATHS = NO;
				CLANG_ANALYZER_NONNULL = YES;
				CLANG_ANALYZER_NUMBER_OBJECT_CONVERSION = YES_AGGRESSIVE;
				CLANG_CXX_LANGUAGE_STANDARD = "gnu++20";
				CLANG_ENABLE_MODULES = YES;
				CLANG_ENABLE_OBJC_ARC = YES;
				CLANG_ENABLE_OBJC_WEAK = YES;
				CLANG_WARN_BLOCK_CAPTURE_AUTORELEASING = YES;
				CLANG_WARN_BOOL_CONVERSION = YES;
				CLANG_WARN_COMMA = YES;
				CLANG_WARN_CONSTANT_CONVERSION = YES;
				CLANG_WARN_DEPRECATED_OBJC_IMPLEMENTATIONS = YES;
				CLANG_WARN_DIRECT_OBJC_ISA_USAGE = YES_ERROR;
				CLANG_WARN_DOCUMENTATION_COMMENTS = YES;
				CLANG_WARN_EMPTY_BODY = YES;
				CLANG_WARN_ENUM_CONVERSION = YES;
				CLANG_WARN_INFINITE_RECURSION = YES;
				CLANG_WARN_INT_CONVERSION = YES;
				CLANG_WARN_NON_LITERAL_NULL_CONVERSION = YES;
				CLANG_WARN_OBJC_IMPLICIT_RETAIN_SELF = YES;
				CLANG_WARN_OBJC_LITERAL_CONVERSION = YES;
				CLANG_WARN_OBJC_ROOT_CLASS = YES_ERROR;
				CLANG_WARN_QUOTED_INCLUDE_IN_FRAMEWORK_HEADER = YES;
				CLANG_WARN_RANGE_LOOP_ANALYSIS = YES;
				CLANG_WARN_STRICT_PROTOTYPES = YES;
				CLANG_WARN_SUSPICIOUS_MOVE = YES;
				CLANG_WARN_UNGUARDED_AVAILABILITY = YES_AGGRESSIVE;
				CLANG_WARN_UNREACHABLE_CODE = YES;
				CLANG_WARN__DUPLICATE_METHOD_MATCH = YES;
				COPY_PHASE_STRIP = NO;
				DEBUG_INFORMATION_FORMAT = dwarf;
				ENABLE_STRICT_OBJC_MSGSEND = YES;
				ENABLE_TESTABILITY = YES;
				GCC_C_LANGUAGE_STANDARD = gnu11;
				GCC_DYNAMIC_NO_PIC = NO;
				GCC_NO_COMMON_BLOCKS = YES;
				GCC_OPTIMIZATION_LEVEL = 0;
				GCC_PREPROCESSOR_DEFINITIONS = (
					"DEBUG=1",
					"$(inherited)",
				);
				GCC_WARN_64_TO_32_BIT_CONVERSION = YES;
				GCC_WARN_ABOUT_RETURN_TYPE = YES_ERROR;
				GCC_WARN_UNDECLARED_SELECTOR = YES;
				GCC_WARN_UNINITIALIZED_AUTOS = YES_AGGRESSIVE;
				GCC_WARN_UNUSED_FUNCTION = YES;
				GCC_WARN_UNUSED_VARIABLE = YES;
				IPHONEOS_DEPLOYMENT_TARGET = 16.4;
				MACOSX_DEPLOYMENT_TARGET = "$(RECOMMENDED_MACOSX_DEPLOYMENT_TARGET)";
				MTL_ENABLE_DEBUG_INFO = INCLUDE_SOURCE;
				MTL_FAST_MATH = YES;
				ONLY_ACTIVE_ARCH = YES;
				SWIFT_ACTIVE_COMPILATION_CONDITIONS = DEBUG;
				SWIFT_OPTIMIZATION_LEVEL = "-Onone";
			};
			name = Debug;
		};
		3BFD49372A44213A0067A762 /* Release */ = {
			isa = XCBuildConfiguration;
			buildSettings = {
				ALWAYS_SEARCH_USER_PATHS = NO;
				CLANG_ANALYZER_NONNULL = YES;
				CLANG_ANALYZER_NUMBER_OBJECT_CONVERSION = YES_AGGRESSIVE;
				CLANG_CXX_LANGUAGE_STANDARD = "gnu++20";
				CLANG_ENABLE_MODULES = YES;
				CLANG_ENABLE_OBJC_ARC = YES;
				CLANG_ENABLE_OBJC_WEAK = YES;
				CLANG_WARN_BLOCK_CAPTURE_AUTORELEASING = YES;
				CLANG_WARN_BOOL_CONVERSION = YES;
				CLANG_WARN_COMMA = YES;
				CLANG_WARN_CONSTANT_CONVERSION = YES;
				CLANG_WARN_DEPRECATED_OBJC_IMPLEMENTATIONS = YES;
				CLANG_WARN_DIRECT_OBJC_ISA_USAGE = YES_ERROR;
				CLANG_WARN_DOCUMENTATION_COMMENTS = YES;
				CLANG_WARN_EMPTY_BODY = YES;
				CLANG_WARN_ENUM_CONVERSION = YES;
				CLANG_WARN_INFINITE_RECURSION = YES;
				CLANG_WARN_INT_CONVERSION = YES;
				CLANG_WARN_NON_LITERAL_NULL_CONVERSION = YES;
				CLANG_WARN_OBJC_IMPLICIT_RETAIN_SELF = YES;
				CLANG_WARN_OBJC_LITERAL_CONVERSION = YES;
				CLANG_WARN_OBJC_ROOT_CLASS = YES_ERROR;
				CLANG_WARN_QUOTED_INCLUDE_IN_FRAMEWORK_HEADER = YES;
				CLANG_WARN_RANGE_LOOP_ANALYSIS = YES;
				CLANG_WARN_STRICT_PROTOTYPES = YES;
				CLANG_WARN_SUSPICIOUS_MOVE = YES;
				CLANG_WARN_UNGUARDED_AVAILABILITY = YES_AGGRESSIVE;
				CLANG_WARN_UNREACHABLE_CODE = YES;
				CLANG_WARN__DUPLICATE_METHOD_MATCH = YES;
				COPY_PHASE_STRIP = NO;
				DEBUG_INFORMATION_FORMAT = "dwarf-with-dsym";
				ENABLE_NS_ASSERTIONS = NO;
				ENABLE_STRICT_OBJC_MSGSEND = YES;
				GCC_C_LANGUAGE_STANDARD = gnu11;
				GCC_NO_COMMON_BLOCKS = YES;
				GCC_WARN_64_TO_32_BIT_CONVERSION = YES;
				GCC_WARN_ABOUT_RETURN_TYPE = YES_ERROR;
				GCC_WARN_UNDECLARED_SELECTOR = YES;
				GCC_WARN_UNINITIALIZED_AUTOS = YES_AGGRESSIVE;
				GCC_WARN_UNUSED_FUNCTION = YES;
				GCC_WARN_UNUSED_VARIABLE = YES;
				IPHONEOS_DEPLOYMENT_TARGET = 16.4;
				MACOSX_DEPLOYMENT_TARGET = "$(RECOMMENDED_MACOSX_DEPLOYMENT_TARGET)";
				MTL_ENABLE_DEBUG_INFO = NO;
				MTL_FAST_MATH = YES;
				SWIFT_COMPILATION_MODE = wholemodule;
				SWIFT_OPTIMIZATION_LEVEL = "-O";
			};
			name = Release;
		};
		3BFD49392A44213A0067A762 /* Debug */ = {
			isa = XCBuildConfiguration;
			buildSettings = {
				ASSETCATALOG_COMPILER_APPICON_NAME = AppIcon;
				ASSETCATALOG_COMPILER_GLOBAL_ACCENT_COLOR_NAME = AccentColor;
				CODE_SIGN_ENTITLEMENTS = Grid/Grid.entitlements;
				CODE_SIGN_STYLE = Automatic;
				CURRENT_PROJECT_VERSION = 1;
				DEVELOPMENT_ASSET_PATHS = "\"Grid/Preview Content\"";
				DEVELOPMENT_TEAM = 8X2ZUC43WY;
				ENABLE_HARDENED_RUNTIME = YES;
				ENABLE_PREVIEWS = YES;
				GENERATE_INFOPLIST_FILE = YES;
				INFOPLIST_KEY_CFBundleDisplayName = Grid;
				"INFOPLIST_KEY_UIApplicationSceneManifest_Generation[sdk=iphoneos*]" = YES;
				"INFOPLIST_KEY_UIApplicationSceneManifest_Generation[sdk=iphonesimulator*]" = YES;
				"INFOPLIST_KEY_UIApplicationSupportsIndirectInputEvents[sdk=iphoneos*]" = YES;
				"INFOPLIST_KEY_UIApplicationSupportsIndirectInputEvents[sdk=iphonesimulator*]" = YES;
				"INFOPLIST_KEY_UILaunchScreen_Generation[sdk=iphoneos*]" = YES;
				"INFOPLIST_KEY_UILaunchScreen_Generation[sdk=iphonesimulator*]" = YES;
				"INFOPLIST_KEY_UIStatusBarStyle[sdk=iphoneos*]" = UIStatusBarStyleDefault;
				"INFOPLIST_KEY_UIStatusBarStyle[sdk=iphonesimulator*]" = UIStatusBarStyleDefault;
				INFOPLIST_KEY_UISupportedInterfaceOrientations_iPad = "UIInterfaceOrientationPortrait UIInterfaceOrientationPortraitUpsideDown UIInterfaceOrientationLandscapeLeft UIInterfaceOrientationLandscapeRight";
				INFOPLIST_KEY_UISupportedInterfaceOrientations_iPhone = "UIInterfaceOrientationPortrait UIInterfaceOrientationLandscapeLeft UIInterfaceOrientationLandscapeRight";
				IPHONEOS_DEPLOYMENT_TARGET = 16.4;
				LD_RUNPATH_SEARCH_PATHS = "@executable_path/Frameworks";
				"LD_RUNPATH_SEARCH_PATHS[sdk=macosx*]" = "@executable_path/../Frameworks";
				MACOSX_DEPLOYMENT_TARGET = 13.3;
				MARKETING_VERSION = 1.0;
				PRODUCT_BUNDLE_IDENTIFIER = dev.danydodson.Grid;
				PRODUCT_NAME = "$(TARGET_NAME)";
				SDKROOT = auto;
				SUPPORTED_PLATFORMS = "iphoneos iphonesimulator macosx";
				SWIFT_EMIT_LOC_STRINGS = YES;
				SWIFT_VERSION = 5.0;
				TARGETED_DEVICE_FAMILY = "1,2";
			};
			name = Debug;
		};
		3BFD493A2A44213A0067A762 /* Release */ = {
			isa = XCBuildConfiguration;
			buildSettings = {
				ASSETCATALOG_COMPILER_APPICON_NAME = AppIcon;
				ASSETCATALOG_COMPILER_GLOBAL_ACCENT_COLOR_NAME = AccentColor;
				CODE_SIGN_ENTITLEMENTS = Grid/Grid.entitlements;
				CODE_SIGN_STYLE = Automatic;
				CURRENT_PROJECT_VERSION = 1;
				DEVELOPMENT_ASSET_PATHS = "\"Grid/Preview Content\"";
				DEVELOPMENT_TEAM = 8X2ZUC43WY;
				ENABLE_HARDENED_RUNTIME = YES;
				ENABLE_PREVIEWS = YES;
				GENERATE_INFOPLIST_FILE = YES;
				INFOPLIST_KEY_CFBundleDisplayName = Grid;
				"INFOPLIST_KEY_UIApplicationSceneManifest_Generation[sdk=iphoneos*]" = YES;
				"INFOPLIST_KEY_UIApplicationSceneManifest_Generation[sdk=iphonesimulator*]" = YES;
				"INFOPLIST_KEY_UIApplicationSupportsIndirectInputEvents[sdk=iphoneos*]" = YES;
				"INFOPLIST_KEY_UIApplicationSupportsIndirectInputEvents[sdk=iphonesimulator*]" = YES;
				"INFOPLIST_KEY_UILaunchScreen_Generation[sdk=iphoneos*]" = YES;
				"INFOPLIST_KEY_UILaunchScreen_Generation[sdk=iphonesimulator*]" = YES;
				"INFOPLIST_KEY_UIStatusBarStyle[sdk=iphoneos*]" = UIStatusBarStyleDefault;
				"INFOPLIST_KEY_UIStatusBarStyle[sdk=iphonesimulator*]" = UIStatusBarStyleDefault;
				INFOPLIST_KEY_UISupportedInterfaceOrientations_iPad = "UIInterfaceOrientationPortrait UIInterfaceOrientationPortraitUpsideDown UIInterfaceOrientationLandscapeLeft UIInterfaceOrientationLandscapeRight";
				INFOPLIST_KEY_UISupportedInterfaceOrientations_iPhone = "UIInterfaceOrientationPortrait UIInterfaceOrientationLandscapeLeft UIInterfaceOrientationLandscapeRight";
				IPHONEOS_DEPLOYMENT_TARGET = 16.4;
				LD_RUNPATH_SEARCH_PATHS = "@executable_path/Frameworks";
				"LD_RUNPATH_SEARCH_PATHS[sdk=macosx*]" = "@executable_path/../Frameworks";
				MACOSX_DEPLOYMENT_TARGET = 13.3;
				MARKETING_VERSION = 1.0;
				PRODUCT_BUNDLE_IDENTIFIER = dev.danydodson.Grid;
				PRODUCT_NAME = "$(TARGET_NAME)";
				SDKROOT = auto;
				SUPPORTED_PLATFORMS = "iphoneos iphonesimulator macosx";
				SWIFT_EMIT_LOC_STRINGS = YES;
				SWIFT_VERSION = 5.0;
				TARGETED_DEVICE_FAMILY = "1,2";
			};
			name = Release;
		};
		3BFD493C2A44213A0067A762 /* Debug */ = {
			isa = XCBuildConfiguration;
			buildSettings = {
				ALWAYS_EMBED_SWIFT_STANDARD_LIBRARIES = YES;
				BUNDLE_LOADER = "$(TEST_HOST)";
				CODE_SIGN_STYLE = Automatic;
				CURRENT_PROJECT_VERSION = 1;
				DEVELOPMENT_TEAM = 8X2ZUC43WY;
				GENERATE_INFOPLIST_FILE = YES;
				IPHONEOS_DEPLOYMENT_TARGET = 16.4;
				MACOSX_DEPLOYMENT_TARGET = 13.3;
				MARKETING_VERSION = 1.0;
				PRODUCT_BUNDLE_IDENTIFIER = dev.danydodson.GridTests;
				PRODUCT_NAME = "$(TARGET_NAME)";
				SDKROOT = auto;
				SUPPORTED_PLATFORMS = "iphoneos iphonesimulator macosx";
				SWIFT_EMIT_LOC_STRINGS = NO;
				SWIFT_VERSION = 5.0;
				TARGETED_DEVICE_FAMILY = "1,2";
				TEST_HOST = "$(BUILT_PRODUCTS_DIR)/Grid.app/$(BUNDLE_EXECUTABLE_FOLDER_PATH)/Grid";
			};
			name = Debug;
		};
		3BFD493D2A44213A0067A762 /* Release */ = {
			isa = XCBuildConfiguration;
			buildSettings = {
				ALWAYS_EMBED_SWIFT_STANDARD_LIBRARIES = YES;
				BUNDLE_LOADER = "$(TEST_HOST)";
				CODE_SIGN_STYLE = Automatic;
				CURRENT_PROJECT_VERSION = 1;
				DEVELOPMENT_TEAM = 8X2ZUC43WY;
				GENERATE_INFOPLIST_FILE = YES;
				IPHONEOS_DEPLOYMENT_TARGET = 16.4;
				MACOSX_DEPLOYMENT_TARGET = 13.3;
				MARKETING_VERSION = 1.0;
				PRODUCT_BUNDLE_IDENTIFIER = dev.danydodson.GridTests;
				PRODUCT_NAME = "$(TARGET_NAME)";
				SDKROOT = auto;
				SUPPORTED_PLATFORMS = "iphoneos iphonesimulator macosx";
				SWIFT_EMIT_LOC_STRINGS = NO;
				SWIFT_VERSION = 5.0;
				TARGETED_DEVICE_FAMILY = "1,2";
				TEST_HOST = "$(BUILT_PRODUCTS_DIR)/Grid.app/$(BUNDLE_EXECUTABLE_FOLDER_PATH)/Grid";
			};
			name = Release;
		};
		3BFD493F2A44213A0067A762 /* Debug */ = {
			isa = XCBuildConfiguration;
			buildSettings = {
				ALWAYS_EMBED_SWIFT_STANDARD_LIBRARIES = YES;
				CODE_SIGN_STYLE = Automatic;
				CURRENT_PROJECT_VERSION = 1;
				DEVELOPMENT_TEAM = 8X2ZUC43WY;
				GENERATE_INFOPLIST_FILE = YES;
				IPHONEOS_DEPLOYMENT_TARGET = 16.4;
				MACOSX_DEPLOYMENT_TARGET = 13.3;
				MARKETING_VERSION = 1.0;
				PRODUCT_BUNDLE_IDENTIFIER = dev.danydodson.GridUITests;
				PRODUCT_NAME = "$(TARGET_NAME)";
				SDKROOT = auto;
				SUPPORTED_PLATFORMS = "iphoneos iphonesimulator macosx";
				SWIFT_EMIT_LOC_STRINGS = NO;
				SWIFT_VERSION = 5.0;
				TARGETED_DEVICE_FAMILY = "1,2";
				TEST_TARGET_NAME = Grid;
			};
			name = Debug;
		};
		3BFD49402A44213A0067A762 /* Release */ = {
			isa = XCBuildConfiguration;
			buildSettings = {
				ALWAYS_EMBED_SWIFT_STANDARD_LIBRARIES = YES;
				CODE_SIGN_STYLE = Automatic;
				CURRENT_PROJECT_VERSION = 1;
				DEVELOPMENT_TEAM = 8X2ZUC43WY;
				GENERATE_INFOPLIST_FILE = YES;
				IPHONEOS_DEPLOYMENT_TARGET = 16.4;
				MACOSX_DEPLOYMENT_TARGET = 13.3;
				MARKETING_VERSION = 1.0;
				PRODUCT_BUNDLE_IDENTIFIER = dev.danydodson.GridUITests;
				PRODUCT_NAME = "$(TARGET_NAME)";
				SDKROOT = auto;
				SUPPORTED_PLATFORMS = "iphoneos iphonesimulator macosx";
				SWIFT_EMIT_LOC_STRINGS = NO;
				SWIFT_VERSION = 5.0;
				TARGETED_DEVICE_FAMILY = "1,2";
				TEST_TARGET_NAME = Grid;
			};
			name = Release;
		};
/* End XCBuildConfiguration section */

/* Begin XCConfigurationList section */
		3BFD490E2A4421390067A762 /* Build configuration list for PBXProject "Grid" */ = {
			isa = XCConfigurationList;
			buildConfigurations = (
				3BFD49362A44213A0067A762 /* Debug */,
				3BFD49372A44213A0067A762 /* Release */,
			);
			defaultConfigurationIsVisible = 0;
			defaultConfigurationName = Release;
		};
		3BFD49382A44213A0067A762 /* Build configuration list for PBXNativeTarget "Grid" */ = {
			isa = XCConfigurationList;
			buildConfigurations = (
				3BFD49392A44213A0067A762 /* Debug */,
				3BFD493A2A44213A0067A762 /* Release */,
			);
			defaultConfigurationIsVisible = 0;
			defaultConfigurationName = Release;
		};
		3BFD493B2A44213A0067A762 /* Build configuration list for PBXNativeTarget "GridTests" */ = {
			isa = XCConfigurationList;
			buildConfigurations = (
				3BFD493C2A44213A0067A762 /* Debug */,
				3BFD493D2A44213A0067A762 /* Release */,
			);
			defaultConfigurationIsVisible = 0;
			defaultConfigurationName = Release;
		};
		3BFD493E2A44213A0067A762 /* Build configuration list for PBXNativeTarget "GridUITests" */ = {
			isa = XCConfigurationList;
			buildConfigurations = (
				3BFD493F2A44213A0067A762 /* Debug */,
				3BFD49402A44213A0067A762 /* Release */,
			);
			defaultConfigurationIsVisible = 0;
			defaultConfigurationName = Release;
		};
/* End XCConfigurationList section */
	};
	rootObject = 3BFD490B2A4421390067A762 /* Project object */;
}
